
Microsoft Visual Studio Solution File, Format Version 12.00
# Visual Studio Version 16
VisualStudioVersion = 16.0.29806.167
MinimumVisualStudioVersion = 10.0.40219.1
Project("{9A19103F-16F7-4668-BE54-9A1E7A4F7556}") = "Sequel", "src\Sequel\Sequel.csproj", "{11D393DE-543E-4FD4-8EE4-AF7034B98032}"
EndProject
Project("{9A19103F-16F7-4668-BE54-9A1E7A4F7556}") = "Sequel.Tests", "test\Sequel.Tests\Sequel.Tests.csproj", "{7369BFBA-FDB6-443E-BEA7-97812B50D953}"
EndProject
Global
	GlobalSection(SolutionConfigurationPlatforms) = preSolution
		Debug|Any CPU = Debug|Any CPU
		Release|Any CPU = Release|Any CPU
	EndGlobalSection
	GlobalSection(ProjectConfigurationPlatforms) = postSolution
		{11D393DE-543E-4FD4-8EE4-AF7034B98032}.Debug|Any CPU.ActiveCfg = Debug|Any CPU
		{11D393DE-543E-4FD4-8EE4-AF7034B98032}.Debug|Any CPU.Build.0 = Debug|Any CPU
		{11D393DE-543E-4FD4-8EE4-AF7034B98032}.Release|Any CPU.ActiveCfg = Release|Any CPU
		{11D393DE-543E-4FD4-8EE4-AF7034B98032}.Release|Any CPU.Build.0 = Release|Any CPU
		{7369BFBA-FDB6-443E-BEA7-97812B50D953}.Debug|Any CPU.ActiveCfg = Debug|Any CPU
		{7369BFBA-FDB6-443E-BEA7-97812B50D953}.Debug|Any CPU.Build.0 = Debug|Any CPU
		{7369BFBA-FDB6-443E-BEA7-97812B50D953}.Release|Any CPU.ActiveCfg = Release|Any CPU
		{7369BFBA-FDB6-443E-BEA7-97812B50D953}.Release|Any CPU.Build.0 = Release|Any CPU
	EndGlobalSection
	GlobalSection(SolutionProperties) = preSolution
		HideSolutionNode = FALSE
	EndGlobalSection
	GlobalSection(ExtensibilityGlobals) = postSolution
		SolutionGuid = {B6BFD641-BDCA-477F-BDC7-E09E85B672A6}
	EndGlobalSection
EndGlobal
